
Microsoft Visual Studio Solution File, Format Version 12.00
# Visual Studio 15
VisualStudioVersion = 15.0.27130.2036
MinimumVisualStudioVersion = 10.0.40219.1
Project("{FAE04EC0-301F-11D3-BF4B-00C04F79EFBC}") = "HealthCheckTest", "HealthCheckTest\HealthCheckTest.csproj", "{128C3ABC-98F6-486B-AC67-7667C4DBC1DF}"
EndProject
Project("{9A19103F-16F7-4668-BE54-9A1E7A4F7556}") = "Microsoft.AspNetCore.HealthChecks", "Microsoft.AspNetCore.HealthChecks\Microsoft.AspNetCore.HealthChecks.csproj", "{209E84E6-228F-4B28-999A-0F83BC08F7BC}"
EndProject
Project("{9A19103F-16F7-4668-BE54-9A1E7A4F7556}") = "Microsoft.Extensions.HealthChecks", "Microsoft.Extensions.HealthChecks\Microsoft.Extensions.HealthChecks.csproj", "{D399C420-D456-4386-B25B-3F7CD4E91865}"
EndProject
Global
	GlobalSection(SolutionConfigurationPlatforms) = preSolution
		Debug|Any CPU = Debug|Any CPU
		Release|Any CPU = Release|Any CPU
	EndGlobalSection
	GlobalSection(ProjectConfigurationPlatforms) = postSolution
		{128C3ABC-98F6-486B-AC67-7667C4DBC1DF}.Debug|Any CPU.ActiveCfg = Debug|Any CPU
		{128C3ABC-98F6-486B-AC67-7667C4DBC1DF}.Debug|Any CPU.Build.0 = Debug|Any CPU
		{128C3ABC-98F6-486B-AC67-7667C4DBC1DF}.Release|Any CPU.ActiveCfg = Release|Any CPU
		{128C3ABC-98F6-486B-AC67-7667C4DBC1DF}.Release|Any CPU.Build.0 = Release|Any CPU
		{209E84E6-228F-4B28-999A-0F83BC08F7BC}.Debug|Any CPU.ActiveCfg = Debug|Any CPU
		{209E84E6-228F-4B28-999A-0F83BC08F7BC}.Debug|Any CPU.Build.0 = Debug|Any CPU
		{209E84E6-228F-4B28-999A-0F83BC08F7BC}.Release|Any CPU.ActiveCfg = Release|Any CPU
		{209E84E6-228F-4B28-999A-0F83BC08F7BC}.Release|Any CPU.Build.0 = Release|Any CPU
		{D399C420-D456-4386-B25B-3F7CD4E91865}.Debug|Any CPU.ActiveCfg = Debug|Any CPU
		{D399C420-D456-4386-B25B-3F7CD4E91865}.Debug|Any CPU.Build.0 = Debug|Any CPU
		{D399C420-D456-4386-B25B-3F7CD4E91865}.Release|Any CPU.ActiveCfg = Release|Any CPU
		{D399C420-D456-4386-B25B-3F7CD4E91865}.Release|Any CPU.Build.0 = Release|Any CPU
	EndGlobalSection
	GlobalSection(SolutionProperties) = preSolution
		HideSolutionNode = FALSE
	EndGlobalSection
	GlobalSection(ExtensibilityGlobals) = postSolution
		SolutionGuid = {64859BD0-7F10-47B6-8E0B-2541E56E4FED}
	EndGlobalSection
EndGlobal
